{
  "version": 4,
  "terraform_version": "1.1.4",
  "serial": 55,
  "lineage": "cd11b2e0-94d5-be1f-8e4f-c73714bb939a",
  "outputs": {
    "public_ip": {
      "value": "18.218.41.194",
      "type": "string"
    }
  },
  "resources": [
    {
      "mode": "data",
      "type": "template_file",
      "name": "user_data",
      "provider": "provider[\"registry.terraform.io/hashicorp/template\"]",
      "instances": [
        {
          "schema_version": 0,
          "attributes": {
            "filename": null,
            "id": "202e01542485bd53518242920a922905e16e5ffdab573ee553fb5ad2ffae3770",
            "rendered": "#cloud-config\n# Add groups to the system\n# Adds the ubuntu group with members 'root' and 'sys'\n# and the empty group hashicorp.\ngroups:\n  - ubuntu: [root]\n  - hashicorp\n\n# Add users to the system. Users are added after groups are added.\nusers:\n  - default\n  - name: terraform\n    gecos: terraform\n    shell: /bin/bash\n    primary_group: hashicorp\n    sudo: ALL=(ALL) NOPASSWD:ALL\n    groups: users, admin\n    lock_passwd: false\n    ssh_authorized_keys:\n      - ssh-rsa AAAAB3NzaC1yc2EAAAADAQABAAABgQDqAMCrLC3SCfTJdrFTkTzJHJdorW+KPr1ScapreTOiiSqNmIBDSu/BebJ+rzEjRqt262VgTO8NVmXoOZfvVBlN0cedxaKhTmYWPwmT+++9RqBIGg7ieSKKknheqCP9K4KQnXHlFZ3irCLpGIOniS+HLRrFFGE/5qd1QBvHbwwISBlnjeUQlmuK3RVPswcwOLxHgFKJ/YkCGLaeRPqe6wBUUpU2tQJ8PhOfjBgxHiWvOS37V3Z6xMwvlNBoQhFfsa4Nd0s1EWT4Ru7KxbaZzEu4Hzv4MFVdlKk5Ok3rSqilKfIhcGSZn6wqA7hY7elyJ7ssXYI0mn/NtacaALyePJllCZ9zPfPP4olbD5kkYy0bzwHwCX2z5/xtxNGPqICOEPyJySGoFcjTk5ktC9pJPBOA76mErHx73HGB4y5WGhGxOeHeX9fB1ppHt2ZFYpPo9MtC9HbaCyji6BY2lIX7xUsvVKe/KwLCBqfWGhBWM6csF/Lqqx/bKtebGbgTgKVbDuM= your_email@example.com\n\n# Downloads the golang package\npackages:\n  - golang-go\n\n# Sets the GOPATH \u0026 downloads the demo payload\nruncmd:\n  - sudo su terraform\n  - sudo mkdir /home/terraform/go\n  - sudo chown terraform:hashicorp /home/terraform/go\n  - export GOPATH=/home/terraform/go\n  - go get github.com/hashicorp/learn-go-webapp-demo\n  - sudo firewall-cmd --add-service=http --permanent\n  - sudo firewall-cmd --zone=public --permanent --add-port=8080/tcp\n  - sudo firewall-cmd --reload",
            "template": "#cloud-config\n# Add groups to the system\n# Adds the ubuntu group with members 'root' and 'sys'\n# and the empty group hashicorp.\ngroups:\n  - ubuntu: [root]\n  - hashicorp\n\n# Add users to the system. Users are added after groups are added.\nusers:\n  - default\n  - name: terraform\n    gecos: terraform\n    shell: /bin/bash\n    primary_group: hashicorp\n    sudo: ALL=(ALL) NOPASSWD:ALL\n    groups: users, admin\n    lock_passwd: false\n    ssh_authorized_keys:\n      - ssh-rsa AAAAB3NzaC1yc2EAAAADAQABAAABgQDqAMCrLC3SCfTJdrFTkTzJHJdorW+KPr1ScapreTOiiSqNmIBDSu/BebJ+rzEjRqt262VgTO8NVmXoOZfvVBlN0cedxaKhTmYWPwmT+++9RqBIGg7ieSKKknheqCP9K4KQnXHlFZ3irCLpGIOniS+HLRrFFGE/5qd1QBvHbwwISBlnjeUQlmuK3RVPswcwOLxHgFKJ/YkCGLaeRPqe6wBUUpU2tQJ8PhOfjBgxHiWvOS37V3Z6xMwvlNBoQhFfsa4Nd0s1EWT4Ru7KxbaZzEu4Hzv4MFVdlKk5Ok3rSqilKfIhcGSZn6wqA7hY7elyJ7ssXYI0mn/NtacaALyePJllCZ9zPfPP4olbD5kkYy0bzwHwCX2z5/xtxNGPqICOEPyJySGoFcjTk5ktC9pJPBOA76mErHx73HGB4y5WGhGxOeHeX9fB1ppHt2ZFYpPo9MtC9HbaCyji6BY2lIX7xUsvVKe/KwLCBqfWGhBWM6csF/Lqqx/bKtebGbgTgKVbDuM= your_email@example.com\n\n# Downloads the golang package\npackages:\n  - golang-go\n\n# Sets the GOPATH \u0026 downloads the demo payload\nruncmd:\n  - sudo su terraform\n  - sudo mkdir /home/terraform/go\n  - sudo chown terraform:hashicorp /home/terraform/go\n  - export GOPATH=/home/terraform/go\n  - go get github.com/hashicorp/learn-go-webapp-demo\n  - sudo firewall-cmd --add-service=http --permanent\n  - sudo firewall-cmd --zone=public --permanent --add-port=8080/tcp\n  - sudo firewall-cmd --reload",
            "vars": null
          },
          "sensitive_attributes": []
        }
      ]
    },
    {
      "mode": "managed",
      "type": "aws_instance",
      "name": "bm-assignment1",
      "provider": "provider[\"registry.terraform.io/hashicorp/aws\"]",
      "instances": [
        {
          "schema_version": 1,
          "attributes": {
            "ami": "ami-0e16d537adc26a7d8",
            "arn": "arn:aws:ec2:us-east-2:112122872775:instance/i-067d018026953fb2c",
            "associate_public_ip_address": true,
            "availability_zone": "us-east-2c",
            "capacity_reservation_specification": [
              {
                "capacity_reservation_preference": "open",
                "capacity_reservation_target": []
              }
            ],
            "cpu_core_count": 2,
            "cpu_threads_per_core": 2,
            "credit_specification": [],
            "disable_api_termination": false,
            "ebs_block_device": [],
            "ebs_optimized": false,
            "enclave_options": [
              {
                "enabled": false
              }
            ],
            "ephemeral_block_device": [],
            "get_password_data": false,
            "hibernation": false,
            "host_id": null,
            "iam_instance_profile": "",
            "id": "i-067d018026953fb2c",
            "instance_initiated_shutdown_behavior": "stop",
            "instance_state": "running",
            "instance_type": "m5a.xlarge",
            "ipv6_address_count": 0,
            "ipv6_addresses": [],
            "key_name": "",
            "launch_template": [],
            "metadata_options": [
              {
                "http_endpoint": "enabled",
                "http_put_response_hop_limit": 1,
                "http_tokens": "optional",
                "instance_metadata_tags": "disabled"
              }
            ],
            "monitoring": false,
            "network_interface": [],
            "outpost_arn": "",
            "password_data": "",
            "placement_group": "",
            "placement_partition_number": null,
            "primary_network_interface_id": "eni-00679407c31bf08f2",
            "private_dns": "ip-10-1-0-135.us-east-2.compute.internal",
            "private_ip": "10.1.0.135",
            "public_dns": "ec2-18-218-41-194.us-east-2.compute.amazonaws.com",
            "public_ip": "18.218.41.194",
            "root_block_device": [
              {
                "delete_on_termination": true,
                "device_name": "/dev/sda1",
                "encrypted": false,
                "iops": 120,
                "kms_key_id": "",
                "tags": {},
                "throughput": 0,
                "volume_id": "vol-0b49a4f4e96f47f51",
                "volume_size": 40,
                "volume_type": "gp2"
              }
            ],
            "secondary_private_ips": [],
            "security_groups": [],
            "source_dest_check": true,
            "subnet_id": "subnet-0b81b1f2847af3972",
            "tags": {
              "Name": "cscie88-assignment1"
            },
            "tags_all": {
              "Name": "cscie88-assignment1"
            },
            "tenancy": "default",
            "timeouts": null,
            "user_data": "fe34b084018ab019f8a374d05b30e08414a7b63b",
            "user_data_base64": null,
            "volume_tags": null,
            "vpc_security_group_ids": [
              "sg-04703b973622c99c8"
            ]
          },
          "sensitive_attributes": [],
          "private": "eyJlMmJmYjczMC1lY2FhLTExZTYtOGY4OC0zNDM2M2JjN2M0YzAiOnsiY3JlYXRlIjo2MDAwMDAwMDAwMDAsImRlbGV0ZSI6MTIwMDAwMDAwMDAwMCwidXBkYXRlIjo2MDAwMDAwMDAwMDB9LCJzY2hlbWFfdmVyc2lvbiI6IjEifQ==",
          "dependencies": [
            "aws_security_group.sg_22_80",
            "aws_subnet.subnet_public",
            "aws_vpc.vpc",
            "data.template_file.user_data"
          ]
        }
      ]
    },
    {
      "mode": "managed",
      "type": "aws_internet_gateway",
      "name": "igw",
      "provider": "provider[\"registry.terraform.io/hashicorp/aws\"]",
      "instances": [
        {
          "schema_version": 0,
          "attributes": {
            "arn": "arn:aws:ec2:us-east-2:112122872775:internet-gateway/igw-034477f078547aaba",
            "id": "igw-034477f078547aaba",
            "owner_id": "112122872775",
            "tags": null,
            "tags_all": {},
            "vpc_id": "vpc-0350e54b70a1ac937"
          },
          "sensitive_attributes": [],
          "private": "bnVsbA==",
          "dependencies": [
            "aws_vpc.vpc"
          ]
        }
      ]
    },
    {
      "mode": "managed",
      "type": "aws_route_table",
      "name": "rtb_public",
      "provider": "provider[\"registry.terraform.io/hashicorp/aws\"]",
      "instances": [
        {
          "schema_version": 0,
          "attributes": {
            "arn": "arn:aws:ec2:us-east-2:112122872775:route-table/rtb-072c974fc6f222ba1",
            "id": "rtb-072c974fc6f222ba1",
            "owner_id": "112122872775",
            "propagating_vgws": [],
            "route": [
              {
                "carrier_gateway_id": "",
                "cidr_block": "0.0.0.0/0",
                "destination_prefix_list_id": "",
                "egress_only_gateway_id": "",
                "gateway_id": "igw-034477f078547aaba",
                "instance_id": "",
                "ipv6_cidr_block": "",
                "local_gateway_id": "",
                "nat_gateway_id": "",
                "network_interface_id": "",
                "transit_gateway_id": "",
                "vpc_endpoint_id": "",
                "vpc_peering_connection_id": ""
              }
            ],
            "tags": null,
            "tags_all": {},
            "timeouts": null,
            "vpc_id": "vpc-0350e54b70a1ac937"
          },
          "sensitive_attributes": [],
          "private": "eyJlMmJmYjczMC1lY2FhLTExZTYtOGY4OC0zNDM2M2JjN2M0YzAiOnsiY3JlYXRlIjozMDAwMDAwMDAwMDAsImRlbGV0ZSI6MzAwMDAwMDAwMDAwLCJ1cGRhdGUiOjEyMDAwMDAwMDAwMH19",
          "dependencies": [
            "aws_internet_gateway.igw",
            "aws_vpc.vpc"
          ]
        }
      ]
    },
    {
      "mode": "managed",
      "type": "aws_route_table_association",
      "name": "rta_subnet_public",
      "provider": "provider[\"registry.terraform.io/hashicorp/aws\"]",
      "instances": [
        {
          "schema_version": 0,
          "attributes": {
            "gateway_id": "",
            "id": "rtbassoc-0ec4fe8ca7719e120",
            "route_table_id": "rtb-072c974fc6f222ba1",
            "subnet_id": "subnet-0b81b1f2847af3972"
          },
          "sensitive_attributes": [],
          "private": "bnVsbA==",
          "dependencies": [
            "aws_internet_gateway.igw",
            "aws_route_table.rtb_public",
            "aws_subnet.subnet_public",
            "aws_vpc.vpc"
          ]
        }
      ]
    },
    {
      "mode": "managed",
      "type": "aws_security_group",
      "name": "sg_22_80",
      "provider": "provider[\"registry.terraform.io/hashicorp/aws\"]",
      "instances": [
        {
          "schema_version": 1,
          "attributes": {
            "arn": "arn:aws:ec2:us-east-2:112122872775:security-group/sg-04703b973622c99c8",
            "description": "Managed by Terraform",
            "egress": [
              {
                "cidr_blocks": [
                  "0.0.0.0/0"
                ],
                "description": "",
                "from_port": 0,
                "ipv6_cidr_blocks": [],
                "prefix_list_ids": [],
                "protocol": "-1",
                "security_groups": [],
                "self": false,
                "to_port": 0
              }
            ],
            "id": "sg-04703b973622c99c8",
            "ingress": [
              {
                "cidr_blocks": [
                  "0.0.0.0/0"
                ],
                "description": "",
                "from_port": 22,
                "ipv6_cidr_blocks": [],
                "prefix_list_ids": [],
                "protocol": "tcp",
                "security_groups": [],
                "self": false,
                "to_port": 22
              },
              {
                "cidr_blocks": [
                  "0.0.0.0/0"
                ],
                "description": "",
                "from_port": 8080,
                "ipv6_cidr_blocks": [],
                "prefix_list_ids": [],
                "protocol": "tcp",
                "security_groups": [],
                "self": false,
                "to_port": 8080
              },
              {
                "cidr_blocks": [
                  "0.0.0.0/0"
                ],
                "description": "",
                "from_port": 80,
                "ipv6_cidr_blocks": [],
                "prefix_list_ids": [],
                "protocol": "tcp",
                "security_groups": [],
                "self": false,
                "to_port": 80
              }
            ],
            "name": "sg_22",
            "name_prefix": "",
            "owner_id": "112122872775",
            "revoke_rules_on_delete": false,
            "tags": null,
            "tags_all": {},
            "timeouts": null,
            "vpc_id": "vpc-0350e54b70a1ac937"
          },
          "sensitive_attributes": [],
          "private": "eyJlMmJmYjczMC1lY2FhLTExZTYtOGY4OC0zNDM2M2JjN2M0YzAiOnsiY3JlYXRlIjo2MDAwMDAwMDAwMDAsImRlbGV0ZSI6OTAwMDAwMDAwMDAwfSwic2NoZW1hX3ZlcnNpb24iOiIxIn0=",
          "dependencies": [
            "aws_vpc.vpc"
          ]
        }
      ]
    },
    {
      "mode": "managed",
      "type": "aws_subnet",
      "name": "subnet_public",
      "provider": "provider[\"registry.terraform.io/hashicorp/aws\"]",
      "instances": [
        {
          "schema_version": 1,
          "attributes": {
            "arn": "arn:aws:ec2:us-east-2:112122872775:subnet/subnet-0b81b1f2847af3972",
            "assign_ipv6_address_on_creation": false,
            "availability_zone": "us-east-2c",
            "availability_zone_id": "use2-az3",
            "cidr_block": "10.1.0.0/24",
            "customer_owned_ipv4_pool": "",
            "enable_dns64": false,
            "enable_resource_name_dns_a_record_on_launch": false,
            "enable_resource_name_dns_aaaa_record_on_launch": false,
            "id": "subnet-0b81b1f2847af3972",
            "ipv6_cidr_block": "",
            "ipv6_cidr_block_association_id": "",
            "ipv6_native": false,
            "map_customer_owned_ip_on_launch": false,
            "map_public_ip_on_launch": false,
            "outpost_arn": "",
            "owner_id": "112122872775",
            "private_dns_hostname_type_on_launch": "ip-name",
            "tags": null,
            "tags_all": {},
            "timeouts": null,
            "vpc_id": "vpc-0350e54b70a1ac937"
          },
          "sensitive_attributes": [],
          "private": "eyJlMmJmYjczMC1lY2FhLTExZTYtOGY4OC0zNDM2M2JjN2M0YzAiOnsiY3JlYXRlIjo2MDAwMDAwMDAwMDAsImRlbGV0ZSI6MTIwMDAwMDAwMDAwMH0sInNjaGVtYV92ZXJzaW9uIjoiMSJ9",
          "dependencies": [
            "aws_vpc.vpc"
          ]
        }
      ]
    },
    {
      "mode": "managed",
      "type": "aws_vpc",
      "name": "vpc",
      "provider": "provider[\"registry.terraform.io/hashicorp/aws\"]",
      "instances": [
        {
          "schema_version": 1,
          "attributes": {
            "arn": "arn:aws:ec2:us-east-2:112122872775:vpc/vpc-0350e54b70a1ac937",
            "assign_generated_ipv6_cidr_block": false,
            "cidr_block": "10.1.0.0/16",
            "default_network_acl_id": "acl-0f0b5a1f283b5bcb0",
            "default_route_table_id": "rtb-03ee5241a8589b7b5",
            "default_security_group_id": "sg-09b087a8282b747e8",
            "dhcp_options_id": "dopt-06e9a7a2da9f4b17d",
            "enable_classiclink": false,
            "enable_classiclink_dns_support": false,
            "enable_dns_hostnames": true,
            "enable_dns_support": true,
            "id": "vpc-0350e54b70a1ac937",
            "instance_tenancy": "default",
            "ipv4_ipam_pool_id": null,
            "ipv4_netmask_length": null,
            "ipv6_association_id": "",
            "ipv6_cidr_block": "",
            "ipv6_cidr_block_network_border_group": "",
            "ipv6_ipam_pool_id": "",
            "ipv6_netmask_length": 0,
            "main_route_table_id": "rtb-03ee5241a8589b7b5",
            "owner_id": "112122872775",
            "tags": null,
            "tags_all": {}
          },
          "sensitive_attributes": [],
          "private": "eyJzY2hlbWFfdmVyc2lvbiI6IjEifQ=="
        }
      ]
    }
  ]
}
